
Microsoft Visual Studio Solution File, Format Version 12.00
# Visual Studio Version 17
VisualStudioVersion = 17.11.35431.28
MinimumVisualStudioVersion = 10.0.40219.1
Project("{FAE04EC0-301F-11D3-BF4B-00C04F79EFBC}") = "AtividadeVeiculo", "AtividadeVeiculo.csproj", "{C13A1E85-9476-47B5-B3FD-4E0AF636D975}"
EndProject
Global
	GlobalSection(SolutionConfigurationPlatforms) = preSolution
		Debug|Any CPU = Debug|Any CPU
		Release|Any CPU = Release|Any CPU
	EndGlobalSection
	GlobalSection(ProjectConfigurationPlatforms) = postSolution
		{C13A1E85-9476-47B5-B3FD-4E0AF636D975}.Debug|Any CPU.ActiveCfg = Debug|Any CPU
		{C13A1E85-9476-47B5-B3FD-4E0AF636D975}.Debug|Any CPU.Build.0 = Debug|Any CPU
		{C13A1E85-9476-47B5-B3FD-4E0AF636D975}.Release|Any CPU.ActiveCfg = Release|Any CPU
		{C13A1E85-9476-47B5-B3FD-4E0AF636D975}.Release|Any CPU.Build.0 = Release|Any CPU
	EndGlobalSection
	GlobalSection(SolutionProperties) = preSolution
		HideSolutionNode = FALSE
	EndGlobalSection
	GlobalSection(ExtensibilityGlobals) = postSolution
		SolutionGuid = {ACB1FB61-E857-4257-A033-5218B78407AC}
	EndGlobalSection
EndGlobal
